
Microsoft Visual Studio Solution File, Format Version 12.00
# Visual Studio Version 17
VisualStudioVersion = 17.14.36310.24 d17.14
MinimumVisualStudioVersion = 10.0.40219.1
Project("{FAE04EC0-301F-11D3-BF4B-00C04F79EFBC}") = "Week2-CalculatorApp", "Week2-CalculatorApp\Week2-CalculatorApp.csproj", "{DDD294F3-EFA6-453B-9E04-A83654BD6462}"
EndProject
Global
	GlobalSection(SolutionConfigurationPlatforms) = preSolution
		Debug|Any CPU = Debug|Any CPU
		Release|Any CPU = Release|Any CPU
	EndGlobalSection
	GlobalSection(ProjectConfigurationPlatforms) = postSolution
		{DDD294F3-EFA6-453B-9E04-A83654BD6462}.Debug|Any CPU.ActiveCfg = Debug|Any CPU
		{DDD294F3-EFA6-453B-9E04-A83654BD6462}.Debug|Any CPU.Build.0 = Debug|Any CPU
		{DDD294F3-EFA6-453B-9E04-A83654BD6462}.Release|Any CPU.ActiveCfg = Release|Any CPU
		{DDD294F3-EFA6-453B-9E04-A83654BD6462}.Release|Any CPU.Build.0 = Release|Any CPU
	EndGlobalSection
	GlobalSection(SolutionProperties) = preSolution
		HideSolutionNode = FALSE
	EndGlobalSection
	GlobalSection(ExtensibilityGlobals) = postSolution
		SolutionGuid = {80D97C0A-255B-4D68-81EB-67C14533CBFA}
	EndGlobalSection
EndGlobal
